
Microsoft Visual Studio Solution File, Format Version 12.00
# Visual Studio 2012
Project("{FAE04EC0-301F-11D3-BF4B-00C04F79EFBC}") = "MvcBaseExtensions", "MvcBaseExtensions\MvcBaseExtensions.csproj", "{E3C819D4-3558-43D3-A3C3-185D6E608081}"
EndProject
Global
	GlobalSection(SolutionConfigurationPlatforms) = preSolution
		Debug|Any CPU = Debug|Any CPU
		Release|Any CPU = Release|Any CPU
	EndGlobalSection
	GlobalSection(ProjectConfigurationPlatforms) = postSolution
		{E3C819D4-3558-43D3-A3C3-185D6E608081}.Debug|Any CPU.ActiveCfg = Debug|Any CPU
		{E3C819D4-3558-43D3-A3C3-185D6E608081}.Debug|Any CPU.Build.0 = Debug|Any CPU
		{E3C819D4-3558-43D3-A3C3-185D6E608081}.Release|Any CPU.ActiveCfg = Release|Any CPU
		{E3C819D4-3558-43D3-A3C3-185D6E608081}.Release|Any CPU.Build.0 = Release|Any CPU
	EndGlobalSection
	GlobalSection(SolutionProperties) = preSolution
		HideSolutionNode = FALSE
	EndGlobalSection
EndGlobal
